
Microsoft Visual Studio Solution File, Format Version 12.00
# Visual Studio Version 16
VisualStudioVersion = 16.0.29503.13
MinimumVisualStudioVersion = 10.0.40219.1
Project("{FAE04EC0-301F-11D3-BF4B-00C04F79EFBC}") = "MosaicUI", "MosaicUI\MosaicUI.csproj", "{24CC06EA-680F-426D-AE86-233A7AE215A9}"
EndProject
Global
	GlobalSection(SolutionConfigurationPlatforms) = preSolution
		Debug|Any CPU = Debug|Any CPU
		Release|Any CPU = Release|Any CPU
	EndGlobalSection
	GlobalSection(ProjectConfigurationPlatforms) = postSolution
		{24CC06EA-680F-426D-AE86-233A7AE215A9}.Debug|Any CPU.ActiveCfg = Debug|Any CPU
		{24CC06EA-680F-426D-AE86-233A7AE215A9}.Debug|Any CPU.Build.0 = Debug|Any CPU
		{24CC06EA-680F-426D-AE86-233A7AE215A9}.Release|Any CPU.ActiveCfg = Release|Any CPU
		{24CC06EA-680F-426D-AE86-233A7AE215A9}.Release|Any CPU.Build.0 = Release|Any CPU
	EndGlobalSection
	GlobalSection(SolutionProperties) = preSolution
		HideSolutionNode = FALSE
	EndGlobalSection
	GlobalSection(ExtensibilityGlobals) = postSolution
		SolutionGuid = {6FF73E3C-4954-45C7-BF2E-2D389E50822F}
	EndGlobalSection
EndGlobal
